
Microsoft Visual Studio Solution File, Format Version 11.00
# Visual Studio 2010
Project("{FAE04EC0-301F-11D3-BF4B-00C04F79EFBC}") = "Patternnumber3", "Patternnumber3\Patternnumber3.csproj", "{A63733D4-0BEB-4F45-A080-DB950010C874}"
EndProject
Global
	GlobalSection(SolutionConfigurationPlatforms) = preSolution
		Debug|x86 = Debug|x86
		Release|x86 = Release|x86
	EndGlobalSection
	GlobalSection(ProjectConfigurationPlatforms) = postSolution
		{A63733D4-0BEB-4F45-A080-DB950010C874}.Debug|x86.ActiveCfg = Debug|x86
		{A63733D4-0BEB-4F45-A080-DB950010C874}.Debug|x86.Build.0 = Debug|x86
		{A63733D4-0BEB-4F45-A080-DB950010C874}.Release|x86.ActiveCfg = Release|x86
		{A63733D4-0BEB-4F45-A080-DB950010C874}.Release|x86.Build.0 = Release|x86
	EndGlobalSection
	GlobalSection(SolutionProperties) = preSolution
		HideSolutionNode = FALSE
	EndGlobalSection
EndGlobal
