
Microsoft Visual Studio Solution File, Format Version 11.00
# Visual Studio 2010
Project("{F184B08F-C81C-45F6-A57F-5ABD9991F28F}") = "WebApplication1", "WebApplication1\WebApplication1.vbproj", "{B0B7295A-AC40-4374-AD2B-51A9AE66BEE4}"
EndProject
Global
	GlobalSection(SolutionConfigurationPlatforms) = preSolution
		Debug|Any CPU = Debug|Any CPU
		Release|Any CPU = Release|Any CPU
	EndGlobalSection
	GlobalSection(ProjectConfigurationPlatforms) = postSolution
		{B0B7295A-AC40-4374-AD2B-51A9AE66BEE4}.Debug|Any CPU.ActiveCfg = Debug|Any CPU
		{B0B7295A-AC40-4374-AD2B-51A9AE66BEE4}.Debug|Any CPU.Build.0 = Debug|Any CPU
		{B0B7295A-AC40-4374-AD2B-51A9AE66BEE4}.Release|Any CPU.ActiveCfg = Release|Any CPU
		{B0B7295A-AC40-4374-AD2B-51A9AE66BEE4}.Release|Any CPU.Build.0 = Release|Any CPU
	EndGlobalSection
	GlobalSection(SolutionProperties) = preSolution
		HideSolutionNode = FALSE
	EndGlobalSection
EndGlobal
